
Microsoft Visual Studio Solution File, Format Version 12.00
# Visual Studio Version 16
VisualStudioVersion = 16.0.29806.167
MinimumVisualStudioVersion = 10.0.40219.1
Project("{8BC9CEB8-8B4A-11D0-8D11-00A0C91BC942}") = "OOP_WEEK7", "OOP_WEEK7\OOP_WEEK7.vcxproj", "{A346EA0F-3F68-4335-BE46-97347920D50C}"
EndProject
Global
	GlobalSection(SolutionConfigurationPlatforms) = preSolution
		Debug|x64 = Debug|x64
		Debug|x86 = Debug|x86
		Release|x64 = Release|x64
		Release|x86 = Release|x86
	EndGlobalSection
	GlobalSection(ProjectConfigurationPlatforms) = postSolution
		{A346EA0F-3F68-4335-BE46-97347920D50C}.Debug|x64.ActiveCfg = Debug|x64
		{A346EA0F-3F68-4335-BE46-97347920D50C}.Debug|x64.Build.0 = Debug|x64
		{A346EA0F-3F68-4335-BE46-97347920D50C}.Debug|x86.ActiveCfg = Debug|Win32
		{A346EA0F-3F68-4335-BE46-97347920D50C}.Debug|x86.Build.0 = Debug|Win32
		{A346EA0F-3F68-4335-BE46-97347920D50C}.Release|x64.ActiveCfg = Release|x64
		{A346EA0F-3F68-4335-BE46-97347920D50C}.Release|x64.Build.0 = Release|x64
		{A346EA0F-3F68-4335-BE46-97347920D50C}.Release|x86.ActiveCfg = Release|Win32
		{A346EA0F-3F68-4335-BE46-97347920D50C}.Release|x86.Build.0 = Release|Win32
	EndGlobalSection
	GlobalSection(SolutionProperties) = preSolution
		HideSolutionNode = FALSE
	EndGlobalSection
	GlobalSection(ExtensibilityGlobals) = postSolution
		SolutionGuid = {43712437-37CB-4F4A-8CD6-3B043E117B4B}
	EndGlobalSection
EndGlobal
